
Microsoft Visual Studio Solution File, Format Version 12.00
# Visual Studio Version 16
VisualStudioVersion = 16.0.31205.134
MinimumVisualStudioVersion = 10.0.40219.1
Project("{FAE04EC0-301F-11D3-BF4B-00C04F79EFBC}") = "App_Site-Touristique.sln", "App_Site-Touristique\App_Site-Touristique.sln.csproj", "{DE87E2BA-4CDF-4D91-8B3D-2E25EBE337D3}"
EndProject
Global
	GlobalSection(SolutionConfigurationPlatforms) = preSolution
		Debug|Any CPU = Debug|Any CPU
		Release|Any CPU = Release|Any CPU
	EndGlobalSection
	GlobalSection(ProjectConfigurationPlatforms) = postSolution
		{DE87E2BA-4CDF-4D91-8B3D-2E25EBE337D3}.Debug|Any CPU.ActiveCfg = Debug|Any CPU
		{DE87E2BA-4CDF-4D91-8B3D-2E25EBE337D3}.Debug|Any CPU.Build.0 = Debug|Any CPU
		{DE87E2BA-4CDF-4D91-8B3D-2E25EBE337D3}.Release|Any CPU.ActiveCfg = Release|Any CPU
		{DE87E2BA-4CDF-4D91-8B3D-2E25EBE337D3}.Release|Any CPU.Build.0 = Release|Any CPU
	EndGlobalSection
	GlobalSection(SolutionProperties) = preSolution
		HideSolutionNode = FALSE
	EndGlobalSection
	GlobalSection(ExtensibilityGlobals) = postSolution
		SolutionGuid = {59A2A832-EE0E-47C9-A672-78D73964865C}
	EndGlobalSection
EndGlobal
